
Microsoft Visual Studio Solution File, Format Version 12.00
# Visual Studio Version 17
VisualStudioVersion = 17.8.34525.116
MinimumVisualStudioVersion = 10.0.40219.1
Project("{9A19103F-16F7-4668-BE54-9A1E7A4F7556}") = "CarGallery", "CarGallery\CarGallery.csproj", "{4459EBC9-609B-4C3E-87A3-5244A639AF1C}"
EndProject
Global
	GlobalSection(SolutionConfigurationPlatforms) = preSolution
		Debug|Any CPU = Debug|Any CPU
		Release|Any CPU = Release|Any CPU
	EndGlobalSection
	GlobalSection(ProjectConfigurationPlatforms) = postSolution
		{4459EBC9-609B-4C3E-87A3-5244A639AF1C}.Debug|Any CPU.ActiveCfg = Debug|Any CPU
		{4459EBC9-609B-4C3E-87A3-5244A639AF1C}.Debug|Any CPU.Build.0 = Debug|Any CPU
		{4459EBC9-609B-4C3E-87A3-5244A639AF1C}.Release|Any CPU.ActiveCfg = Release|Any CPU
		{4459EBC9-609B-4C3E-87A3-5244A639AF1C}.Release|Any CPU.Build.0 = Release|Any CPU
	EndGlobalSection
	GlobalSection(SolutionProperties) = preSolution
		HideSolutionNode = FALSE
	EndGlobalSection
	GlobalSection(ExtensibilityGlobals) = postSolution
		SolutionGuid = {EEB48FDF-4879-4478-A81C-FD9338A8C9C6}
	EndGlobalSection
EndGlobal
